// !$*UTF8*$!
{
	archiveVersion = 1;
	classes = {
	};
	objectVersion = 46;
	objects = {

/* Begin PBXBuildFile section */
		3B87434B197BE99800E70C34 /* Foundation.framework in Frameworks */ = {isa = PBXBuildFile; fileRef = 3B87434A197BE99800E70C34 /* Foundation.framework */; };
		3B87434D197BE99800E70C34 /* CoreGraphics.framework in Frameworks */ = {isa = PBXBuildFile; fileRef = 3B87434C197BE99800E70C34 /* CoreGraphics.framework */; };
		3B87434F197BE99800E70C34 /* UIKit.framework in Frameworks */ = {isa = PBXBuildFile; fileRef = 3B87434E197BE99800E70C34 /* UIKit.framework */; };
		3B874355197BE99800E70C34 /* InfoPlist.strings in Resources */ = {isa = PBXBuildFile; fileRef = 3B874353197BE99800E70C34 /* InfoPlist.strings */; };
		3B874357197BE99800E70C34 /* main.m in Sources */ = {isa = PBXBuildFile; fileRef = 3B874356197BE99800E70C34 /* main.m */; };
		3B87435B197BE99800E70C34 /* AppDelegate.m in Sources */ = {isa = PBXBuildFile; fileRef = 3B87435A197BE99800E70C34 /* AppDelegate.m */; };
		3B87435D197BE99800E70C34 /* Images.xcassets in Resources */ = {isa = PBXBuildFile; fileRef = 3B87435C197BE99800E70C34 /* Images.xcassets */; };
		3B874364197BE99800E70C34 /* XCTest.framework in Frameworks */ = {isa = PBXBuildFile; fileRef = 3B874363197BE99800E70C34 /* XCTest.framework */; };
		3B874365197BE99800E70C34 /* Foundation.framework in Frameworks */ = {isa = PBXBuildFile; fileRef = 3B87434A197BE99800E70C34 /* Foundation.framework */; };
		3B874366197BE99800E70C34 /* UIKit.framework in Frameworks */ = {isa = PBXBuildFile; fileRef = 3B87434E197BE99800E70C34 /* UIKit.framework */; };
		3B87436E197BE99800E70C34 /* InfoPlist.strings in Resources */ = {isa = PBXBuildFile; fileRef = 3B87436C197BE99800E70C34 /* InfoPlist.strings */; };
		3B874370197BE99800E70C34 /* Weibo_0720Tests.m in Sources */ = {isa = PBXBuildFile; fileRef = 3B87436F197BE99800E70C34 /* Weibo_0720Tests.m */; };
/* End PBXBuildFile section */

/* Begin PBXContainerItemProxy section */
		3B874367197BE99800E70C34 /* PBXContainerItemProxy */ = {
			isa = PBXContainerItemProxy;
			containerPortal = 3B87433F197BE99700E70C34 /* Project object */;
			proxyType = 1;
			remoteGlobalIDString = 3B874346197BE99800E70C34;
			remoteInfo = Weibo_0720;
		};
/* End PBXContainerItemProxy section */

/* Begin PBXFileReference section */
		3B874347197BE99800E70C34 /* Weibo_0720.app */ = {isa = PBXFileReference; explicitFileType = wrapper.application; includeInIndex = 0; path = Weibo_0720.app; sourceTree = BUILT_PRODUCTS_DIR; };
		3B87434A197BE99800E70C34 /* Foundation.framework */ = {isa = PBXFileReference; lastKnownFileType = wrapper.framework; name = Foundation.framework; path = System/Library/Frameworks/Foundation.framework; sourceTree = SDKROOT; };
		3B87434C197BE99800E70C34 /* CoreGraphics.framework */ = {isa = PBXFileReference; lastKnownFileType = wrapper.framework; name = CoreGraphics.framework; path = System/Library/Frameworks/CoreGraphics.framework; sourceTree = SDKROOT; };
		3B87434E197BE99800E70C34 /* UIKit.framework */ = {isa = PBXFileReference; lastKnownFileType = wrapper.framework; name = UIKit.framework; path = System/Library/Frameworks/UIKit.framework; sourceTree = SDKROOT; };
		3B874352197BE99800E70C34 /* Weibo_0720-Info.plist */ = {isa = PBXFileReference; lastKnownFileType = text.plist.xml; path = "Weibo_0720-Info.plist"; sourceTree = "<group>"; };
		3B874354197BE99800E70C34 /* en */ = {isa = PBXFileReference; lastKnownFileType = text.plist.strings; name = en; path = en.lproj/InfoPlist.strings; sourceTree = "<group>"; };
		3B874356197BE99800E70C34 /* main.m */ = {isa = PBXFileReference; lastKnownFileType = sourcecode.c.objc; path = main.m; sourceTree = "<group>"; };
		3B874358197BE99800E70C34 /* Weibo_0720-Prefix.pch */ = {isa = PBXFileReference; lastKnownFileType = sourcecode.c.h; path = "Weibo_0720-Prefix.pch"; sourceTree = "<group>"; };
		3B874359197BE99800E70C34 /* AppDelegate.h */ = {isa = PBXFileReference; lastKnownFileType = sourcecode.c.h; path = AppDelegate.h; sourceTree = "<group>"; };
		3B87435A197BE99800E70C34 /* AppDelegate.m */ = {isa = PBXFileReference; lastKnownFileType = sourcecode.c.objc; path = AppDelegate.m; sourceTree = "<group>"; };
		3B87435C197BE99800E70C34 /* Images.xcassets */ = {isa = PBXFileReference; lastKnownFileType = folder.assetcatalog; path = Images.xcassets; sourceTree = "<group>"; };
		3B874362197BE99800E70C34 /* Weibo_0720Tests.xctest */ = {isa = PBXFileReference; explicitFileType = wrapper.cfbundle; includeInIndex = 0; path = Weibo_0720Tests.xctest; sourceTree = BUILT_PRODUCTS_DIR; };
		3B874363197BE99800E70C34 /* XCTest.framework */ = {isa = PBXFileReference; lastKnownFileType = wrapper.framework; name = XCTest.framework; path = Library/Frameworks/XCTest.framework; sourceTree = DEVELOPER_DIR; };
		3B87436B197BE99800E70C34 /* Weibo_0720Tests-Info.plist */ = {isa = PBXFileReference; lastKnownFileType = text.plist.xml; path = "Weibo_0720Tests-Info.plist"; sourceTree = "<group>"; };
		3B87436D197BE99800E70C34 /* en */ = {isa = PBXFileReference; lastKnownFileType = text.plist.strings; name = en; path = en.lproj/InfoPlist.strings; sourceTree = "<group>"; };
		3B87436F197BE99800E70C34 /* Weibo_0720Tests.m */ = {isa = PBXFileReference; lastKnownFileType = sourcecode.c.objc; path = Weibo_0720Tests.m; sourceTree = "<group>"; };
/* End PBXFileReference section */

/* Begin PBXFrameworksBuildPhase section */
		3B874344197BE99800E70C34 /* Frameworks */ = {
			isa = PBXFrameworksBuildPhase;
			buildActionMask = 2147483647;
			files = (
				3B87434D197BE99800E70C34 /* CoreGraphics.framework in Frameworks */,
				3B87434F197BE99800E70C34 /* UIKit.framework in Frameworks */,
				3B87434B197BE99800E70C34 /* Foundation.framework in Frameworks */,
			);
			runOnlyForDeploymentPostprocessing = 0;
		};
		3B87435F197BE99800E70C34 /* Frameworks */ = {
			isa = PBXFrameworksBuildPhase;
			buildActionMask = 2147483647;
			files = (
				3B874364197BE99800E70C34 /* XCTest.framework in Frameworks */,
				3B874366197BE99800E70C34 /* UIKit.framework in Frameworks */,
				3B874365197BE99800E70C34 /* Foundation.framework in Frameworks */,
			);
			runOnlyForDeploymentPostprocessing = 0;
		};
/* End PBXFrameworksBuildPhase section */

/* Begin PBXGroup section */
		3B87433E197BE99700E70C34 = {
			isa = PBXGroup;
			children = (
				3B874350197BE99800E70C34 /* Weibo_0720 */,
				3B874369197BE99800E70C34 /* Weibo_0720Tests */,
				3B874349197BE99800E70C34 /* Frameworks */,
				3B874348197BE99800E70C34 /* Products */,
			);
			sourceTree = "<group>";
		};
		3B874348197BE99800E70C34 /* Products */ = {
			isa = PBXGroup;
			children = (
				3B874347197BE99800E70C34 /* Weibo_0720.app */,
				3B874362197BE99800E70C34 /* Weibo_0720Tests.xctest */,
			);
			name = Products;
			sourceTree = "<group>";
		};
		3B874349197BE99800E70C34 /* Frameworks */ = {
			isa = PBXGroup;
			children = (
				3B87434A197BE99800E70C34 /* Foundation.framework */,
				3B87434C197BE99800E70C34 /* CoreGraphics.framework */,
				3B87434E197BE99800E70C34 /* UIKit.framework */,
				3B874363197BE99800E70C34 /* XCTest.framework */,
			);
			name = Frameworks;
			sourceTree = "<group>";
		};
		3B874350197BE99800E70C34 /* Weibo_0720 */ = {
			isa = PBXGroup;
			children = (
				3B874359197BE99800E70C34 /* AppDelegate.h */,
				3B87435A197BE99800E70C34 /* AppDelegate.m */,
				3B87435C197BE99800E70C34 /* Images.xcassets */,
				3B874351197BE99800E70C34 /* Supporting Files */,
			);
			path = Weibo_0720;
			sourceTree = "<group>";
		};
		3B874351197BE99800E70C34 /* Supporting Files */ = {
			isa = PBXGroup;
			children = (
				3B874352197BE99800E70C34 /* Weibo_0720-Info.plist */,
				3B874353197BE99800E70C34 /* InfoPlist.strings */,
				3B874356197BE99800E70C34 /* main.m */,
				3B874358197BE99800E70C34 /* Weibo_0720-Prefix.pch */,
			);
			name = "Supporting Files";
			sourceTree = "<group>";
		};
		3B874369197BE99800E70C34 /* Weibo_0720Tests */ = {
			isa = PBXGroup;
			children = (
				3B87436F197BE99800E70C34 /* Weibo_0720Tests.m */,
				3B87436A197BE99800E70C34 /* Supporting Files */,
			);
			path = Weibo_0720Tests;
			sourceTree = "<group>";
		};
		3B87436A197BE99800E70C34 /* Supporting Files */ = {
			isa = PBXGroup;
			children = (
				3B87436B197BE99800E70C34 /* Weibo_0720Tests-Info.plist */,
				3B87436C197BE99800E70C34 /* InfoPlist.strings */,
			);
			name = "Supporting Files";
			sourceTree = "<group>";
		};
/* End PBXGroup section */

/* Begin PBXNativeTarget section */
		3B874346197BE99800E70C34 /* Weibo_0720 */ = {
			isa = PBXNativeTarget;
			buildConfigurationList = 3B874373197BE99800E70C34 /* Build configuration list for PBXNativeTarget "Weibo_0720" */;
			buildPhases = (
				3B874343197BE99800E70C34 /* Sources */,
				3B874344197BE99800E70C34 /* Frameworks */,
				3B874345197BE99800E70C34 /* Resources */,
			);
			buildRules = (
			);
			dependencies = (
			);
			name = Weibo_0720;
			productName = Weibo_0720;
			productReference = 3B874347197BE99800E70C34 /* Weibo_0720.app */;
			productType = "com.apple.product-type.application";
		};
		3B874361197BE99800E70C34 /* Weibo_0720Tests */ = {
			isa = PBXNativeTarget;
			buildConfigurationList = 3B874376197BE99800E70C34 /* Build configuration list for PBXNativeTarget "Weibo_0720Tests" */;
			buildPhases = (
				3B87435E197BE99800E70C34 /* Sources */,
				3B87435F197BE99800E70C34 /* Frameworks */,
				3B874360197BE99800E70C34 /* Resources */,
			);
			buildRules = (
			);
			dependencies = (
				3B874368197BE99800E70C34 /* PBXTargetDependency */,
			);
			name = Weibo_0720Tests;
			productName = Weibo_0720Tests;
			productReference = 3B874362197BE99800E70C34 /* Weibo_0720Tests.xctest */;
			productType = "com.apple.product-type.bundle.unit-test";
		};
/* End PBXNativeTarget section */

/* Begin PBXProject section */
		3B87433F197BE99700E70C34 /* Project object */ = {
			isa = PBXProject;
			attributes = {
				LastUpgradeCheck = 0510;
				ORGANIZATIONNAME = afayear;
				TargetAttributes = {
					3B874361197BE99800E70C34 = {
						TestTargetID = 3B874346197BE99800E70C34;
					};
				};
			};
			buildConfigurationList = 3B874342197BE99700E70C34 /* Build configuration list for PBXProject "Weibo_0720" */;
			compatibilityVersion = "Xcode 3.2";
			developmentRegion = English;
			hasScannedForEncodings = 0;
			knownRegions = (
				en,
			);
			mainGroup = 3B87433E197BE99700E70C34;
			productRefGroup = 3B874348197BE99800E70C34 /* Products */;
			projectDirPath = "";
			projectRoot = "";
			targets = (
				3B874346197BE99800E70C34 /* Weibo_0720 */,
				3B874361197BE99800E70C34 /* Weibo_0720Tests */,
			);
		};
/* End PBXProject section */

/* Begin PBXResourcesBuildPhase section */
		3B874345197BE99800E70C34 /* Resources */ = {
			isa = PBXResourcesBuildPhase;
			buildActionMask = 2147483647;
			files = (
				3B874355197BE99800E70C34 /* InfoPlist.strings in Resources */,
				3B87435D197BE99800E70C34 /* Images.xcassets in Resources */,
			);
			runOnlyForDeploymentPostprocessing = 0;
		};
		3B874360197BE99800E70C34 /* Resources */ = {
			isa = PBXResourcesBuildPhase;
			buildActionMask = 2147483647;
			files = (
				3B87436E197BE99800E70C34 /* InfoPlist.strings in Resources */,
			);
			runOnlyForDeploymentPostprocessing = 0;
		};
/* End PBXResourcesBuildPhase section */

/* Begin PBXSourcesBuildPhase section */
		3B874343197BE99800E70C34 /* Sources */ = {
			isa = PBXSourcesBuildPhase;
			buildActionMask = 2147483647;
			files = (
				3B87435B197BE99800E70C34 /* AppDelegate.m in Sources */,
				3B874357197BE99800E70C34 /* main.m in Sources */,
			);
			runOnlyForDeploymentPostprocessing = 0;
		};
		3B87435E197BE99800E70C34 /* Sources */ = {
			isa = PBXSourcesBuildPhase;
			buildActionMask = 2147483647;
			files = (
				3B874370197BE99800E70C34 /* Weibo_0720Tests.m in Sources */,
			);
			runOnlyForDeploymentPostprocessing = 0;
		};
/* End PBXSourcesBuildPhase section */

/* Begin PBXTargetDependency section */
		3B874368197BE99800E70C34 /* PBXTargetDependency */ = {
			isa = PBXTargetDependency;
			target = 3B874346197BE99800E70C34 /* Weibo_0720 */;
			targetProxy = 3B874367197BE99800E70C34 /* PBXContainerItemProxy */;
		};
/* End PBXTargetDependency section */

/* Begin PBXVariantGroup section */
		3B874353197BE99800E70C34 /* InfoPlist.strings */ = {
			isa = PBXVariantGroup;
			children = (
				3B874354197BE99800E70C34 /* en */,
			);
			name = InfoPlist.strings;
			sourceTree = "<group>";
		};
		3B87436C197BE99800E70C34 /* InfoPlist.strings */ = {
			isa = PBXVariantGroup;
			children = (
				3B87436D197BE99800E70C34 /* en */,
			);
			name = InfoPlist.strings;
			sourceTree = "<group>";
		};
/* End PBXVariantGroup section */

/* Begin XCBuildConfiguration section */
		3B874371197BE99800E70C34 /* Debug */ = {
			isa = XCBuildConfiguration;
			buildSettings = {
				ALWAYS_SEARCH_USER_PATHS = NO;
				CLANG_CXX_LANGUAGE_STANDARD = "gnu++0x";
				CLANG_CXX_LIBRARY = "libc++";
				CLANG_ENABLE_MODULES = YES;
				CLANG_ENABLE_OBJC_ARC = YES;
				CLANG_WARN_BOOL_CONVERSION = YES;
				CLANG_WARN_CONSTANT_CONVERSION = YES;
				CLANG_WARN_DIRECT_OBJC_ISA_USAGE = YES_ERROR;
				CLANG_WARN_EMPTY_BODY = YES;
				CLANG_WARN_ENUM_CONVERSION = YES;
				CLANG_WARN_INT_CONVERSION = YES;
				CLANG_WARN_OBJC_ROOT_CLASS = YES_ERROR;
				CLANG_WARN__DUPLICATE_METHOD_MATCH = YES;
				"CODE_SIGN_IDENTITY[sdk=iphoneos*]" = "iPhone Developer";
				COPY_PHASE_STRIP = NO;
				GCC_C_LANGUAGE_STANDARD = gnu99;
				GCC_DYNAMIC_NO_PIC = NO;
				GCC_OPTIMIZATION_LEVEL = 0;
				GCC_PREPROCESSOR_DEFINITIONS = (
					"DEBUG=1",
					"$(inherited)",
				);
				GCC_SYMBOLS_PRIVATE_EXTERN = NO;
				GCC_WARN_64_TO_32_BIT_CONVERSION = YES;
				GCC_WARN_ABOUT_RETURN_TYPE = YES_ERROR;
				GCC_WARN_UNDECLARED_SELECTOR = YES;
				GCC_WARN_UNINITIALIZED_AUTOS = YES_AGGRESSIVE;
				GCC_WARN_UNUSED_FUNCTION = YES;
				GCC_WARN_UNUSED_VARIABLE = YES;
				IPHONEOS_DEPLOYMENT_TARGET = 7.1;
				ONLY_ACTIVE_ARCH = YES;
				SDKROOT = iphoneos;
			};
			name = Debug;
		};
		3B874372197BE99800E70C34 /* Release */ = {
			isa = XCBuildConfiguration;
			buildSettings = {
				ALWAYS_SEARCH_USER_PATHS = NO;
				CLANG_CXX_LANGUAGE_STANDARD = "gnu++0x";
				CLANG_CXX_LIBRARY = "libc++";
				CLANG_ENABLE_MODULES = YES;
				CLANG_ENABLE_OBJC_ARC = YES;
				CLANG_WARN_BOOL_CONVERSION = YES;
				CLANG_WARN_CONSTANT_CONVERSION = YES;
				CLANG_WARN_DIRECT_OBJC_ISA_USAGE = YES_ERROR;
				CLANG_WARN_EMPTY_BODY = YES;
				CLANG_WARN_ENUM_CONVERSION = YES;
				CLANG_WARN_INT_CONVERSION = YES;
				CLANG_WARN_OBJC_ROOT_CLASS = YES_ERROR;
				CLANG_WARN__DUPLICATE_METHOD_MATCH = YES;
				"CODE_SIGN_IDENTITY[sdk=iphoneos*]" = "iPhone Developer";
				COPY_PHASE_STRIP = YES;
				ENABLE_NS_ASSERTIONS = NO;
				GCC_C_LANGUAGE_STANDARD = gnu99;
				GCC_WARN_64_TO_32_BIT_CONVERSION = YES;
				GCC_WARN_ABOUT_RETURN_TYPE = YES_ERROR;
				GCC_WARN_UNDECLARED_SELECTOR = YES;
				GCC_WARN_UNINITIALIZED_AUTOS = YES_AGGRESSIVE;
				GCC_WARN_UNUSED_FUNCTION = YES;
				GCC_WARN_UNUSED_VARIABLE = YES;
				IPHONEOS_DEPLOYMENT_TARGET = 7.1;
				SDKROOT = iphoneos;
				VALIDATE_PRODUCT = YES;
			};
			name = Release;
		};
		3B874374197BE99800E70C34 /* Debug */ = {
			isa = XCBuildConfiguration;
			buildSettings = {
				ASSETCATALOG_COMPILER_APPICON_NAME = AppIcon;
				ASSETCATALOG_COMPILER_LAUNCHIMAGE_NAME = LaunchImage;
				GCC_PRECOMPILE_PREFIX_HEADER = YES;
				GCC_PREFIX_HEADER = "Weibo_0720/Weibo_0720-Prefix.pch";
				INFOPLIST_FILE = "Weibo_0720/Weibo_0720-Info.plist";
				PRODUCT_NAME = "$(TARGET_NAME)";
				WRAPPER_EXTENSION = app;
			};
			name = Debug;
		};
		3B874375197BE99800E70C34 /* Release */ = {
			isa = XCBuildConfiguration;
			buildSettings = {
				ASSETCATALOG_COMPILER_APPICON_NAME = AppIcon;
				ASSETCATALOG_COMPILER_LAUNCHIMAGE_NAME = LaunchImage;
				GCC_PRECOMPILE_PREFIX_HEADER = YES;
				GCC_PREFIX_HEADER = "Weibo_0720/Weibo_0720-Prefix.pch";
				INFOPLIST_FILE = "Weibo_0720/Weibo_0720-Info.plist";
				PRODUCT_NAME = "$(TARGET_NAME)";
				WRAPPER_EXTENSION = app;
			};
			name = Release;
		};
		3B874377197BE99800E70C34 /* Debug */ = {
			isa = XCBuildConfiguration;
			buildSettings = {
				BUNDLE_LOADER = "$(BUILT_PRODUCTS_DIR)/Weibo_0720.app/Weibo_0720";
				FRAMEWORK_SEARCH_PATHS = (
					"$(SDKROOT)/Developer/Library/Frameworks",
					"$(inherited)",
					"$(DEVELOPER_FRAMEWORKS_DIR)",
				);
				GCC_PRECOMPILE_PREFIX_HEADER = YES;
				GCC_PREFIX_HEADER = "Weibo_0720/Weibo_0720-Prefix.pch";
				GCC_PREPROCESSOR_DEFINITIONS = (
					"DEBUG=1",
					"$(inherited)",
				);
				INFOPLIST_FILE = "Weibo_0720Tests/Weibo_0720Tests-Info.plist";
				PRODUCT_NAME = "$(TARGET_NAME)";
				TEST_HOST = "$(BUNDLE_LOADER)";
				WRAPPER_EXTENSION = xctest;
			};
			name = Debug;
		};
		3B874378197BE99800E70C34 /* Release */ = {
			isa = XCBuildConfiguration;
			buildSettings = {
				BUNDLE_LOADER = "$(BUILT_PRODUCTS_DIR)/Weibo_0720.app/Weibo_0720";
				FRAMEWORK_SEARCH_PATHS = (
					"$(SDKROOT)/Developer/Library/Frameworks",
					"$(inherited)",
					"$(DEVELOPER_FRAMEWORKS_DIR)",
				);
				GCC_PRECOMPILE_PREFIX_HEADER = YES;
				GCC_PREFIX_HEADER = "Weibo_0720/Weibo_0720-Prefix.pch";
				INFOPLIST_FILE = "Weibo_0720Tests/Weibo_0720Tests-Info.plist";
				PRODUCT_NAME = "$(TARGET_NAME)";
				TEST_HOST = "$(BUNDLE_LOADER)";
				WRAPPER_EXTENSION = xctest;
			};
			name = Release;
		};
/* End XCBuildConfiguration section */

/* Begin XCConfigurationList section */
		3B874342197BE99700E70C34 /* Build configuration list for PBXProject "Weibo_0720" */ = {
			isa = XCConfigurationList;
			buildConfigurations = (
				3B874371197BE99800E70C34 /* Debug */,
				3B874372197BE99800E70C34 /* Release */,
			);
			defaultConfigurationIsVisible = 0;
			defaultConfigurationName = Release;
		};
		3B874373197BE99800E70C34 /* Build configuration list for PBXNativeTarget "Weibo_0720" */ = {
			isa = XCConfigurationList;
			buildConfigurations = (
				3B874374197BE99800E70C34 /* Debug */,
				3B874375197BE99800E70C34 /* Release */,
			);
			defaultConfigurationIsVisible = 0;
		};
		3B874376197BE99800E70C34 /* Build configuration list for PBXNativeTarget "Weibo_0720Tests" */ = {
			isa = XCConfigurationList;
			buildConfigurations = (
				3B874377197BE99800E70C34 /* Debug */,
				3B874378197BE99800E70C34 /* Release */,
			);
			defaultConfigurationIsVisible = 0;
		};
/* End XCConfigurationList section */
	};
	rootObject = 3B87433F197BE99700E70C34 /* Project object */;
}
